
Microsoft Visual Studio Solution File, Format Version 12.00
# Visual Studio Version 17
VisualStudioVersion = 17.14.36109.1
MinimumVisualStudioVersion = 10.0.40219.1
Project("{FAE04EC0-301F-11D3-BF4B-00C04F79EFBC}") = "KUpdater", "KUpdater\KUpdater.csproj", "{D466A973-2EE2-42F2-889D-CB6E6E2C0084}"
EndProject
Project("{FAE04EC0-301F-11D3-BF4B-00C04F79EFBC}") = "ManifestBuilder", "ManifestBuilder\ManifestBuilder.csproj", "{C5444651-A794-4C04-B46A-7C13BF5162D6}"
EndProject
Global
	GlobalSection(SolutionConfigurationPlatforms) = preSolution
		Debug|Any CPU = Debug|Any CPU
		Release|Any CPU = Release|Any CPU
	EndGlobalSection
	GlobalSection(ProjectConfigurationPlatforms) = postSolution
		{D466A973-2EE2-42F2-889D-CB6E6E2C0084}.Debug|Any CPU.ActiveCfg = Debug|Any CPU
		{D466A973-2EE2-42F2-889D-CB6E6E2C0084}.Debug|Any CPU.Build.0 = Debug|Any CPU
		{D466A973-2EE2-42F2-889D-CB6E6E2C0084}.Release|Any CPU.ActiveCfg = Release|Any CPU
		{D466A973-2EE2-42F2-889D-CB6E6E2C0084}.Release|Any CPU.Build.0 = Release|Any CPU
		{C5444651-A794-4C04-B46A-7C13BF5162D6}.Debug|Any CPU.ActiveCfg = Debug|Any CPU
		{C5444651-A794-4C04-B46A-7C13BF5162D6}.Debug|Any CPU.Build.0 = Debug|Any CPU
		{C5444651-A794-4C04-B46A-7C13BF5162D6}.Release|Any CPU.ActiveCfg = Release|Any CPU
		{C5444651-A794-4C04-B46A-7C13BF5162D6}.Release|Any CPU.Build.0 = Release|Any CPU
	EndGlobalSection
	GlobalSection(SolutionProperties) = preSolution
		HideSolutionNode = FALSE
	EndGlobalSection
	GlobalSection(ExtensibilityGlobals) = postSolution
		SolutionGuid = {AF77C094-9F76-49E7-94D1-909464E050A5}
	EndGlobalSection
EndGlobal
